
Microsoft Visual Studio Solution File, Format Version 12.00
# Visual Studio Version 17
VisualStudioVersion = 17.3.32804.467
MinimumVisualStudioVersion = 10.0.40219.1
Project("{FAE04EC0-301F-11D3-BF4B-00C04F79EFBC}") = "entityproje", "entityproje\entityproje.csproj", "{57A306B1-CCD5-4A5F-B237-0B417A993450}"
EndProject
Global
	GlobalSection(SolutionConfigurationPlatforms) = preSolution
		Debug|Any CPU = Debug|Any CPU
		Release|Any CPU = Release|Any CPU
	EndGlobalSection
	GlobalSection(ProjectConfigurationPlatforms) = postSolution
		{57A306B1-CCD5-4A5F-B237-0B417A993450}.Debug|Any CPU.ActiveCfg = Debug|Any CPU
		{57A306B1-CCD5-4A5F-B237-0B417A993450}.Debug|Any CPU.Build.0 = Debug|Any CPU
		{57A306B1-CCD5-4A5F-B237-0B417A993450}.Release|Any CPU.ActiveCfg = Release|Any CPU
		{57A306B1-CCD5-4A5F-B237-0B417A993450}.Release|Any CPU.Build.0 = Release|Any CPU
	EndGlobalSection
	GlobalSection(SolutionProperties) = preSolution
		HideSolutionNode = FALSE
	EndGlobalSection
	GlobalSection(ExtensibilityGlobals) = postSolution
		SolutionGuid = {F4FF40E6-7CFE-402C-B049-50D8DCADED20}
	EndGlobalSection
EndGlobal
